{
  "name": "touchbar",
  "version": "0.3.13",
  "lockfileVersion": 1,
  "requires": true,
  "dependencies": {
    "electron-named-image": {
      "version": "1.0.2",
      "resolved": "https://registry.npmjs.org/electron-named-image/-/electron-named-image-1.0.2.tgz",
      "integrity": "sha1-i0mEEWnYJAUA9cq+Twe89rzrVVQ=",
      "requires": {
        "nan": "2.6.2"
      }
    },
    "etch": {
      "version": "0.12.5",
      "resolved": "https://registry.npmjs.org/etch/-/etch-0.12.5.tgz",
      "integrity": "sha1-DTnwoSAAdcVeweOSW+tiwCHPfpc="
    },
    "nan": {
      "version": "2.6.2",
      "resolved": "https://registry.npmjs.org/nan/-/nan-2.6.2.tgz",
      "integrity": "sha1-5P805slf37WuzAjeZZb0NgWn20U="
    }
  }
}
